
Microsoft Visual Studio Solution File, Format Version 12.00
# Visual Studio Version 16
VisualStudioVersion = 16.0.29411.108
MinimumVisualStudioVersion = 10.0.40219.1
Project("{FAE04EC0-301F-11D3-BF4B-00C04F79EFBC}") = "Gin", "Gin\Gin.csproj", "{8CF2131B-A3A7-4F2C-92E6-2C0216D2DFA9}"
EndProject
Global
	GlobalSection(SolutionConfigurationPlatforms) = preSolution
		Debug|Any CPU = Debug|Any CPU
		Release|Any CPU = Release|Any CPU
	EndGlobalSection
	GlobalSection(ProjectConfigurationPlatforms) = postSolution
		{8CF2131B-A3A7-4F2C-92E6-2C0216D2DFA9}.Debug|Any CPU.ActiveCfg = Debug|Any CPU
		{8CF2131B-A3A7-4F2C-92E6-2C0216D2DFA9}.Debug|Any CPU.Build.0 = Debug|Any CPU
		{8CF2131B-A3A7-4F2C-92E6-2C0216D2DFA9}.Release|Any CPU.ActiveCfg = Release|Any CPU
		{8CF2131B-A3A7-4F2C-92E6-2C0216D2DFA9}.Release|Any CPU.Build.0 = Release|Any CPU
	EndGlobalSection
	GlobalSection(SolutionProperties) = preSolution
		HideSolutionNode = FALSE
	EndGlobalSection
	GlobalSection(ExtensibilityGlobals) = postSolution
		SolutionGuid = {8B87088A-84CD-4B4A-A347-F1AA8256E2CC}
	EndGlobalSection
EndGlobal
